
Microsoft Visual Studio Solution File, Format Version 12.00
# Visual Studio 15
Project("{FAE04EC0-301F-11D3-BF4B-00C04F79EFBC}") = "MyToDoApp.Android", "MyToDoApp.Android\MyToDoApp.Android.csproj", "{DFF95B54-ADC6-4374-BC0E-D1795AC0A447}"
EndProject
Project("{FAE04EC0-301F-11D3-BF4B-00C04F79EFBC}") = "MyToDoApp", "MyToDoApp\MyToDoApp.csproj", "{7E967F08-CDBF-4A26-AA17-870D6C21FED7}"
EndProject
Project("{2150E333-8FDC-42A3-9474-1A3956D46DE8}") = "Serverless", "Serverless", "{9C50E25B-7A80-4F40-B448-18199F1C64E0}"
EndProject
Project("{FAE04EC0-301F-11D3-BF4B-00C04F79EFBC}") = "SignalR-functions", "Serverless\SignalR\SignalR-functions.csproj", "{CD4D53E1-6780-4491-A190-309CD2CA3DAA}"
EndProject
Project("{FAE04EC0-301F-11D3-BF4B-00C04F79EFBC}") = "MyToDoApp.iOS", "MyToDoApp.iOS\MyToDoApp.iOS.csproj", "{27F60F3C-71BA-4772-BD27-41065B9149D4}"
EndProject
Global
	GlobalSection(SolutionConfigurationPlatforms) = preSolution
		Debug|Any CPU = Debug|Any CPU
		Release|Any CPU = Release|Any CPU
		Debug|iPhoneSimulator = Debug|iPhoneSimulator
		Release|iPhoneSimulator = Release|iPhoneSimulator
		Debug|iPhone = Debug|iPhone
		Release|iPhone = Release|iPhone
		Mock|Any CPU = Mock|Any CPU
	EndGlobalSection
	GlobalSection(ProjectConfigurationPlatforms) = postSolution
		{DFF95B54-ADC6-4374-BC0E-D1795AC0A447}.Debug|Any CPU.ActiveCfg = Debug|Any CPU
		{DFF95B54-ADC6-4374-BC0E-D1795AC0A447}.Debug|Any CPU.Build.0 = Debug|Any CPU
		{DFF95B54-ADC6-4374-BC0E-D1795AC0A447}.Release|Any CPU.ActiveCfg = Release|Any CPU
		{DFF95B54-ADC6-4374-BC0E-D1795AC0A447}.Release|Any CPU.Build.0 = Release|Any CPU
		{DFF95B54-ADC6-4374-BC0E-D1795AC0A447}.Debug|iPhoneSimulator.ActiveCfg = Debug|Any CPU
		{DFF95B54-ADC6-4374-BC0E-D1795AC0A447}.Debug|iPhoneSimulator.Build.0 = Debug|Any CPU
		{DFF95B54-ADC6-4374-BC0E-D1795AC0A447}.Release|iPhoneSimulator.ActiveCfg = Release|Any CPU
		{DFF95B54-ADC6-4374-BC0E-D1795AC0A447}.Release|iPhoneSimulator.Build.0 = Release|Any CPU
		{DFF95B54-ADC6-4374-BC0E-D1795AC0A447}.Debug|iPhone.ActiveCfg = Debug|Any CPU
		{DFF95B54-ADC6-4374-BC0E-D1795AC0A447}.Debug|iPhone.Build.0 = Debug|Any CPU
		{DFF95B54-ADC6-4374-BC0E-D1795AC0A447}.Release|iPhone.ActiveCfg = Release|Any CPU
		{DFF95B54-ADC6-4374-BC0E-D1795AC0A447}.Release|iPhone.Build.0 = Release|Any CPU
		{DFF95B54-ADC6-4374-BC0E-D1795AC0A447}.Mock|Any CPU.ActiveCfg = Debug|Any CPU
		{DFF95B54-ADC6-4374-BC0E-D1795AC0A447}.Mock|Any CPU.Build.0 = Debug|Any CPU
		{7E967F08-CDBF-4A26-AA17-870D6C21FED7}.Debug|Any CPU.ActiveCfg = Debug|Any CPU
		{7E967F08-CDBF-4A26-AA17-870D6C21FED7}.Debug|Any CPU.Build.0 = Debug|Any CPU
		{7E967F08-CDBF-4A26-AA17-870D6C21FED7}.Release|Any CPU.ActiveCfg = Release|Any CPU
		{7E967F08-CDBF-4A26-AA17-870D6C21FED7}.Release|Any CPU.Build.0 = Release|Any CPU
		{7E967F08-CDBF-4A26-AA17-870D6C21FED7}.Debug|iPhoneSimulator.ActiveCfg = Debug|Any CPU
		{7E967F08-CDBF-4A26-AA17-870D6C21FED7}.Debug|iPhoneSimulator.Build.0 = Debug|Any CPU
		{7E967F08-CDBF-4A26-AA17-870D6C21FED7}.Release|iPhoneSimulator.ActiveCfg = Release|Any CPU
		{7E967F08-CDBF-4A26-AA17-870D6C21FED7}.Release|iPhoneSimulator.Build.0 = Release|Any CPU
		{7E967F08-CDBF-4A26-AA17-870D6C21FED7}.Debug|iPhone.ActiveCfg = Debug|Any CPU
		{7E967F08-CDBF-4A26-AA17-870D6C21FED7}.Debug|iPhone.Build.0 = Debug|Any CPU
		{7E967F08-CDBF-4A26-AA17-870D6C21FED7}.Release|iPhone.ActiveCfg = Release|Any CPU
		{7E967F08-CDBF-4A26-AA17-870D6C21FED7}.Release|iPhone.Build.0 = Release|Any CPU
		{7E967F08-CDBF-4A26-AA17-870D6C21FED7}.Mock|Any CPU.ActiveCfg = Mock|Any CPU
		{7E967F08-CDBF-4A26-AA17-870D6C21FED7}.Mock|Any CPU.Build.0 = Mock|Any CPU
		{CD4D53E1-6780-4491-A190-309CD2CA3DAA}.Debug|Any CPU.ActiveCfg = Debug|Any CPU
		{CD4D53E1-6780-4491-A190-309CD2CA3DAA}.Debug|Any CPU.Build.0 = Debug|Any CPU
		{CD4D53E1-6780-4491-A190-309CD2CA3DAA}.Release|Any CPU.ActiveCfg = Release|Any CPU
		{CD4D53E1-6780-4491-A190-309CD2CA3DAA}.Release|Any CPU.Build.0 = Release|Any CPU
		{CD4D53E1-6780-4491-A190-309CD2CA3DAA}.Debug|iPhoneSimulator.ActiveCfg = Debug|Any CPU
		{CD4D53E1-6780-4491-A190-309CD2CA3DAA}.Debug|iPhoneSimulator.Build.0 = Debug|Any CPU
		{CD4D53E1-6780-4491-A190-309CD2CA3DAA}.Release|iPhoneSimulator.ActiveCfg = Release|Any CPU
		{CD4D53E1-6780-4491-A190-309CD2CA3DAA}.Release|iPhoneSimulator.Build.0 = Release|Any CPU
		{CD4D53E1-6780-4491-A190-309CD2CA3DAA}.Debug|iPhone.ActiveCfg = Debug|Any CPU
		{CD4D53E1-6780-4491-A190-309CD2CA3DAA}.Debug|iPhone.Build.0 = Debug|Any CPU
		{CD4D53E1-6780-4491-A190-309CD2CA3DAA}.Release|iPhone.ActiveCfg = Release|Any CPU
		{CD4D53E1-6780-4491-A190-309CD2CA3DAA}.Release|iPhone.Build.0 = Release|Any CPU
		{CD4D53E1-6780-4491-A190-309CD2CA3DAA}.Mock|Any CPU.ActiveCfg = Debug|Any CPU
		{CD4D53E1-6780-4491-A190-309CD2CA3DAA}.Mock|Any CPU.Build.0 = Debug|Any CPU
		{27F60F3C-71BA-4772-BD27-41065B9149D4}.Debug|Any CPU.ActiveCfg = Debug|iPhoneSimulator
		{27F60F3C-71BA-4772-BD27-41065B9149D4}.Debug|Any CPU.Build.0 = Debug|iPhoneSimulator
		{27F60F3C-71BA-4772-BD27-41065B9149D4}.Release|Any CPU.ActiveCfg = Release|iPhoneSimulator
		{27F60F3C-71BA-4772-BD27-41065B9149D4}.Release|Any CPU.Build.0 = Release|iPhoneSimulator
		{27F60F3C-71BA-4772-BD27-41065B9149D4}.Debug|iPhoneSimulator.ActiveCfg = Debug|iPhoneSimulator
		{27F60F3C-71BA-4772-BD27-41065B9149D4}.Debug|iPhoneSimulator.Build.0 = Debug|iPhoneSimulator
		{27F60F3C-71BA-4772-BD27-41065B9149D4}.Release|iPhoneSimulator.ActiveCfg = Release|iPhoneSimulator
		{27F60F3C-71BA-4772-BD27-41065B9149D4}.Release|iPhoneSimulator.Build.0 = Release|iPhoneSimulator
		{27F60F3C-71BA-4772-BD27-41065B9149D4}.Debug|iPhone.ActiveCfg = Debug|iPhone
		{27F60F3C-71BA-4772-BD27-41065B9149D4}.Debug|iPhone.Build.0 = Debug|iPhone
		{27F60F3C-71BA-4772-BD27-41065B9149D4}.Release|iPhone.ActiveCfg = Release|iPhone
		{27F60F3C-71BA-4772-BD27-41065B9149D4}.Release|iPhone.Build.0 = Release|iPhone
		{27F60F3C-71BA-4772-BD27-41065B9149D4}.Mock|Any CPU.ActiveCfg = Debug|iPhoneSimulator
		{27F60F3C-71BA-4772-BD27-41065B9149D4}.Mock|Any CPU.Build.0 = Debug|iPhoneSimulator
	EndGlobalSection
	GlobalSection(NestedProjects) = preSolution
		{CD4D53E1-6780-4491-A190-309CD2CA3DAA} = {9C50E25B-7A80-4F40-B448-18199F1C64E0}
	EndGlobalSection
EndGlobal
